
Microsoft Visual Studio Solution File, Format Version 12.00
# Visual Studio Version 16
VisualStudioVersion = 16.0.35325.158
MinimumVisualStudioVersion = 10.0.40219.1
Project("{FAE04EC0-301F-11D3-BF4B-00C04F79EFBC}") = "Text_to_MorseConverter-WinForms", "Text_to_MorseConverter-WinForms.csproj", "{2B6E4853-3148-4281-88D5-44FE956D6D0C}"
EndProject
Global
	GlobalSection(SolutionConfigurationPlatforms) = preSolution
		Debug|Any CPU = Debug|Any CPU
		Release|Any CPU = Release|Any CPU
	EndGlobalSection
	GlobalSection(ProjectConfigurationPlatforms) = postSolution
		{2B6E4853-3148-4281-88D5-44FE956D6D0C}.Debug|Any CPU.ActiveCfg = Debug|Any CPU
		{2B6E4853-3148-4281-88D5-44FE956D6D0C}.Debug|Any CPU.Build.0 = Debug|Any CPU
		{2B6E4853-3148-4281-88D5-44FE956D6D0C}.Release|Any CPU.ActiveCfg = Release|Any CPU
		{2B6E4853-3148-4281-88D5-44FE956D6D0C}.Release|Any CPU.Build.0 = Release|Any CPU
	EndGlobalSection
	GlobalSection(SolutionProperties) = preSolution
		HideSolutionNode = FALSE
	EndGlobalSection
	GlobalSection(ExtensibilityGlobals) = postSolution
		SolutionGuid = {21BF5F68-9C65-484C-B82B-F06952854F9B}
	EndGlobalSection
EndGlobal
